
Microsoft Visual Studio Solution File, Format Version 12.00
# Visual Studio 15
VisualStudioVersion = 15.0.28010.0
MinimumVisualStudioVersion = 10.0.40219.1
Project("{FAE04EC0-301F-11D3-BF4B-00C04F79EFBC}") = "CSharpConcepts", "CSharpConcepts\CSharpConcepts.csproj", "{3CB5AF36-0532-4D84-94A3-16EECACF1FFB}"
EndProject
Global
	GlobalSection(SolutionConfigurationPlatforms) = preSolution
		Debug|Any CPU = Debug|Any CPU
		Release|Any CPU = Release|Any CPU
	EndGlobalSection
	GlobalSection(ProjectConfigurationPlatforms) = postSolution
		{3CB5AF36-0532-4D84-94A3-16EECACF1FFB}.Debug|Any CPU.ActiveCfg = Debug|Any CPU
		{3CB5AF36-0532-4D84-94A3-16EECACF1FFB}.Debug|Any CPU.Build.0 = Debug|Any CPU
		{3CB5AF36-0532-4D84-94A3-16EECACF1FFB}.Release|Any CPU.ActiveCfg = Release|Any CPU
		{3CB5AF36-0532-4D84-94A3-16EECACF1FFB}.Release|Any CPU.Build.0 = Release|Any CPU
	EndGlobalSection
	GlobalSection(SolutionProperties) = preSolution
		HideSolutionNode = FALSE
	EndGlobalSection
	GlobalSection(ExtensibilityGlobals) = postSolution
		SolutionGuid = {048FC992-2A90-48AB-BB73-F668D6564FDC}
	EndGlobalSection
EndGlobal
